<?xml version="1.0" encoding="utf-8"?>
<Project ToolsVersion="4.0" xmlns="http://schemas.microsoft.com/developer/msbuild/2003">
  <ItemGroup>
    <Filter Include="Common">
      <UniqueIdentifier>1997dd18-2a06-48b8-9d55-c9b9a74c047e</UniqueIdentifier>
    </Filter>
    <Filter Include="Assets">
      <UniqueIdentifier>cb7ec6f3-eac0-4029-811d-66795088319f</UniqueIdentifier>
      <Extensions>ico;cur;bmp;dds;dlg;fbx;rct;bin;rgs;gif;jpg;jpeg;jpe;resx;tga;tiff;tif;png;wav;mfcribbon-ms</Extensions>
    </Filter>
    <Filter Include="Json">
      <UniqueIdentifier>{ad4ff8cd-220f-4d39-9c27-08aafdafaef6}</UniqueIdentifier>
    </Filter>
    <Filter Include="GameObject">
      <UniqueIdentifier>{6e464c84-f1be-4ab8-b2c8-430d36d987e2}</UniqueIdentifier>
    </Filter>
    <Filter Include="GameObject\GameObjectManager">
      <UniqueIdentifier>{7bbec805-394c-4bc4-bb39-512c99ef99c5}</UniqueIdentifier>
    </Filter>
    <Filter Include="GameObject\Block">
      <UniqueIdentifier>{d0f75243-7e18-46cf-948a-d6d4817fe95b}</UniqueIdentifier>
    </Filter>
    <Filter Include="GameObject\Block\BlockAccessor">
      <UniqueIdentifier>{fe380dd2-0661-43b9-bf72-b43f43480a0b}</UniqueIdentifier>
    </Filter>
    <Filter Include="OriginalEffect">
      <UniqueIdentifier>{5be76c05-f1bb-41aa-8b18-752ecf07efb0}</UniqueIdentifier>
    </Filter>
    <Filter Include="Shader">
      <UniqueIdentifier>{0c3562f8-01c0-4cd1-a9e3-f19ea8e5f072}</UniqueIdentifier>
    </Filter>
    <Filter Include="GameObject\Desk">
      <UniqueIdentifier>{531da2e1-a6e3-4b97-804e-073934c0c088}</UniqueIdentifier>
    </Filter>
    <Filter Include="GameObject\Desk\DeskAccessor">
      <UniqueIdentifier>{d4f9a7fa-6b90-4d37-8b9a-36f47c872ee2}</UniqueIdentifier>
    </Filter>
    <Filter Include="GameObject\Camera">
      <UniqueIdentifier>{e4ce6c31-20d8-4d57-b8bb-4ecf710ed56a}</UniqueIdentifier>
    </Filter>
    <Filter Include="GameObject\Camera\CameraAccessor">
      <UniqueIdentifier>{b482794d-1317-40e2-95a0-276935d97544}</UniqueIdentifier>
    </Filter>
    <Filter Include="GameObject\Player">
      <UniqueIdentifier>{773869d7-78db-4c84-83c6-113653bd02f0}</UniqueIdentifier>
    </Filter>
    <Filter Include="GameObject\Player\PlayerAccessor">
      <UniqueIdentifier>{d38af0ef-cdf8-4aeb-81ef-143e5268f8d1}</UniqueIdentifier>
    </Filter>
    <Filter Include="GameObject\Enemy">
      <UniqueIdentifier>{86b166bc-6fe0-4f3c-82bd-00888c4992b3}</UniqueIdentifier>
    </Filter>
    <Filter Include="GameObject\Enemy\EnemyAccessor">
      <UniqueIdentifier>{be8c042e-7e5e-48ab-8f2e-990535420b8e}</UniqueIdentifier>
    </Filter>
    <Filter Include="GameObject\UI">
      <UniqueIdentifier>{5cf257df-470e-4455-8fa3-1769ee318116}</UniqueIdentifier>
    </Filter>
    <Filter Include="GameObject\UI\UIAccessor">
      <UniqueIdentifier>{8caa05d7-2bba-4abe-ba25-ea2b50c5b493}</UniqueIdentifier>
    </Filter>
    <Filter Include="GameObject\UI\BeFoundUI">
      <UniqueIdentifier>{7d58065f-a102-478a-9365-7f5d69522944}</UniqueIdentifier>
    </Filter>
    <Filter Include="Scene">
      <UniqueIdentifier>{4095d9df-0e38-4e38-b9d5-04698abc3a58}</UniqueIdentifier>
    </Filter>
    <Filter Include="Scene\SceneManager">
      <UniqueIdentifier>{a6da239c-149c-408c-94e7-6608af5c3510}</UniqueIdentifier>
    </Filter>
    <Filter Include="Scene\TitleScene">
      <UniqueIdentifier>{c761dbb4-0e80-4cea-a742-d6c38efdbc7f}</UniqueIdentifier>
    </Filter>
    <Filter Include="Scene\GameScene">
      <UniqueIdentifier>{9fe24557-b9d2-4f3a-9a9e-37fbd5f761da}</UniqueIdentifier>
    </Filter>
    <Filter Include="Scene\ResultScene">
      <UniqueIdentifier>{d0343d72-0ba1-4ad9-8835-84cf0b43cb35}</UniqueIdentifier>
    </Filter>
    <Filter Include="GameObject\GiftBox">
      <UniqueIdentifier>{cb8b05aa-1ba4-4050-ae96-6267c96cd927}</UniqueIdentifier>
    </Filter>
    <Filter Include="GameObject\GiftBox\GiftBoxAccessor">
      <UniqueIdentifier>{7898cfba-45d1-4177-8784-073d47358550}</UniqueIdentifier>
    </Filter>
    <Filter Include="GameObject\Room">
      <UniqueIdentifier>{d563eb4f-4562-4b17-9e2d-6b86eb605b23}</UniqueIdentifier>
    </Filter>
    <Filter Include="GameObject\Room\RoomAccessor">
      <UniqueIdentifier>{4b11f83c-6205-4a84-80a6-dcb27c8d68f7}</UniqueIdentifier>
    </Filter>
    <Filter Include="DeviceAccessor">
      <UniqueIdentifier>{aaa6f803-97dc-4b17-b27f-54922a9039b7}</UniqueIdentifier>
    </Filter>
    <Filter Include="GameObject\UI\Transition">
      <UniqueIdentifier>{338724a0-7a3c-4cc2-98dc-d291d38b7fe1}</UniqueIdentifier>
    </Filter>
    <Filter Include="GameObject\DollHead">
      <UniqueIdentifier>{1ee1ebbc-2354-4293-b912-269aef4460d7}</UniqueIdentifier>
    </Filter>
    <Filter Include="GameObject\DollHead\DollHeadAccessor">
      <UniqueIdentifier>{3f1b8444-a7be-4d0f-aa80-bb2f12adfd94}</UniqueIdentifier>
    </Filter>
    <Filter Include="GameObject\UI\FoundEffect">
      <UniqueIdentifier>{d0621c59-edae-4ef9-b77d-72d88a09b435}</UniqueIdentifier>
    </Filter>
    <Filter Include="GameObject\UI\GameOverUI">
      <UniqueIdentifier>{3c36fe8e-07f2-4bf7-a17b-2c25be20200c}</UniqueIdentifier>
    </Filter>
    <Filter Include="GameObject\UI\GameOverEffect">
      <UniqueIdentifier>{128fc9cd-6290-4333-b5c6-87d5cb08a78b}</UniqueIdentifier>
    </Filter>
    <Filter Include="GameObject\UI\GameClearUI">
      <UniqueIdentifier>{08a7b5dd-de85-4560-8b76-418d6a9f8ed3}</UniqueIdentifier>
    </Filter>
    <Filter Include="GameObject\UI\ControlUI">
      <UniqueIdentifier>{79769228-4551-4b8e-83ad-cb6a5cca985a}</UniqueIdentifier>
    </Filter>
    <Filter Include="GameObject\UI\TitleLogo">
      <UniqueIdentifier>{ca3b3d5d-9fe9-4ea0-8095-5a341d3d0eff}</UniqueIdentifier>
    </Filter>
    <Filter Include="GameObject\Sound">
      <UniqueIdentifier>{60cd1e22-13e9-4bd9-8031-1c1e0ca2af5b}</UniqueIdentifier>
    </Filter>
    <Filter Include="GameObject\Sound\SoundAccessor">
      <UniqueIdentifier>{d3f7f7ff-fad2-414d-880e-d0a9e5c164ce}</UniqueIdentifier>
    </Filter>
    <Filter Include="GameObject\Sound\TitleBGM">
      <UniqueIdentifier>{10c5977a-f702-4cf6-be0c-7726a44a94ae}</UniqueIdentifier>
    </Filter>
    <Filter Include="GameObject\Sound\GameBGM">
      <UniqueIdentifier>{784e42bd-a1e0-42f8-adaf-0af57c39ab1a}</UniqueIdentifier>
    </Filter>
    <Filter Include="GameObject\Sound\WalkSound">
      <UniqueIdentifier>{e4258c34-43a8-48d5-a46c-bb739835f079}</UniqueIdentifier>
    </Filter>
    <Filter Include="GameObject\Sound\RunSound">
      <UniqueIdentifier>{79b5c302-9418-4cce-828d-cfb8ced610b3}</UniqueIdentifier>
    </Filter>
    <Filter Include="GameObject\Sound\FoundSE">
      <UniqueIdentifier>{09e93407-68ff-45c7-9485-d5aa82f2066f}</UniqueIdentifier>
    </Filter>
    <Filter Include="GameObject\Sound\GameClearBGM">
      <UniqueIdentifier>{72db3a5f-bba1-4f1f-8427-2997fd751db2}</UniqueIdentifier>
    </Filter>
    <Filter Include="GameObject\Sound\GameOverBGM">
      <UniqueIdentifier>{24d20486-d8ef-4920-ad61-fd6e24f7087a}</UniqueIdentifier>
    </Filter>
    <Filter Include="GameObject\UI\ButtonA">
      <UniqueIdentifier>{3973e250-23a9-4920-b664-4b489d9f6bc9}</UniqueIdentifier>
    </Filter>
  </ItemGroup>
  <ItemGroup>
    <ClInclude Include="pch.h" />
    <ClInclude Include="StepTimer.h">
      <Filter>Common</Filter>
    </ClInclude>
    <ClInclude Include="DeviceResources.h">
      <Filter>Common</Filter>
    </ClInclude>
    <ClInclude Include="Json.h">
      <Filter>Json</Filter>
    </ClInclude>
    <ClInclude Include="Game.h" />
    <ClInclude Include="GameObject.h">
      <Filter>GameObject</Filter>
    </ClInclude>
    <ClInclude Include="GameObjectManager.h">
      <Filter>GameObject\GameObjectManager</Filter>
    </ClInclude>
    <ClInclude Include="Block.h">
      <Filter>GameObject\Block</Filter>
    </ClInclude>
    <ClInclude Include="BlockAccessor.h">
      <Filter>GameObject\Block\BlockAccessor</Filter>
    </ClInclude>
    <ClInclude Include="Camera.h">
      <Filter>GameObject\Camera</Filter>
    </ClInclude>
    <ClInclude Include="CameraAccessor.h">
      <Filter>GameObject\Camera\CameraAccessor</Filter>
    </ClInclude>
    <ClInclude Include="OriginalEffect.h">
      <Filter>OriginalEffect</Filter>
    </ClInclude>
    <ClInclude Include="ReadData.h">
      <Filter>OriginalEffect</Filter>
    </ClInclude>
    <ClInclude Include="Desk.h">
      <Filter>GameObject\Desk</Filter>
    </ClInclude>
    <ClInclude Include="DeskAccessor.h">
      <Filter>GameObject\Desk\DeskAccessor</Filter>
    </ClInclude>
    <ClInclude Include="Player.h">
      <Filter>GameObject\Player</Filter>
    </ClInclude>
    <ClInclude Include="PlayerAccessor.h">
      <Filter>GameObject\Player\PlayerAccessor</Filter>
    </ClInclude>
    <ClInclude Include="Animation.h" />
    <ClInclude Include="Enemy.h">
      <Filter>GameObject\Enemy</Filter>
    </ClInclude>
    <ClInclude Include="EnemyAccessor.h">
      <Filter>GameObject\Enemy\EnemyAccessor</Filter>
    </ClInclude>
    <ClInclude Include="UIBase.h">
      <Filter>GameObject\UI</Filter>
    </ClInclude>
    <ClInclude Include="UIAccessor.h">
      <Filter>GameObject\UI\UIAccessor</Filter>
    </ClInclude>
    <ClInclude Include="FoundUI.h">
      <Filter>GameObject\UI\BeFoundUI</Filter>
    </ClInclude>
    <ClInclude Include="BaseScene.h">
      <Filter>Scene</Filter>
    </ClInclude>
    <ClInclude Include="SceneManager.h">
      <Filter>Scene\SceneManager</Filter>
    </ClInclude>
    <ClInclude Include="GameScene.h">
      <Filter>Scene\GameScene</Filter>
    </ClInclude>
    <ClInclude Include="ResultScene.h">
      <Filter>Scene\ResultScene</Filter>
    </ClInclude>
    <ClInclude Include="TitleScene.h">
      <Filter>Scene\TitleScene</Filter>
    </ClInclude>
    <ClInclude Include="GiftBox.h">
      <Filter>GameObject\GiftBox</Filter>
    </ClInclude>
    <ClInclude Include="GiftBoxAccessor.h">
      <Filter>GameObject\GiftBox\GiftBoxAccessor</Filter>
    </ClInclude>
    <ClInclude Include="Room.h">
      <Filter>GameObject\Room</Filter>
    </ClInclude>
    <ClInclude Include="RoomAccessor.h">
      <Filter>GameObject\Room\RoomAccessor</Filter>
    </ClInclude>
    <ClInclude Include="DeviceAccessor.h">
      <Filter>DeviceAccessor</Filter>
    </ClInclude>
    <ClInclude Include="Transition.h">
      <Filter>GameObject\UI\Transition</Filter>
    </ClInclude>
    <ClInclude Include="DollHead.h">
      <Filter>GameObject\DollHead</Filter>
    </ClInclude>
    <ClInclude Include="DollHeadAccessor.h">
      <Filter>GameObject\DollHead\DollHeadAccessor</Filter>
    </ClInclude>
    <ClInclude Include="FoundEffect.h">
      <Filter>GameObject\UI\FoundEffect</Filter>
    </ClInclude>
    <ClInclude Include="GameOverUI.h">
      <Filter>GameObject\UI\GameOverUI</Filter>
    </ClInclude>
    <ClInclude Include="GameOverEffect.h">
      <Filter>GameObject\UI\GameOverEffect</Filter>
    </ClInclude>
    <ClInclude Include="GameClearUI.h">
      <Filter>GameObject\UI\GameClearUI</Filter>
    </ClInclude>
    <ClInclude Include="ControlUI.h">
      <Filter>GameObject\UI\ControlUI</Filter>
    </ClInclude>
    <ClInclude Include="TitleLogo.h">
      <Filter>GameObject\UI\TitleLogo</Filter>
    </ClInclude>
    <ClInclude Include="SoundBase.h">
      <Filter>GameObject\Sound</Filter>
    </ClInclude>
    <ClInclude Include="TitleBGM.h">
      <Filter>GameObject\Sound\TitleBGM</Filter>
    </ClInclude>
    <ClInclude Include="SoundAccessor.h">
      <Filter>GameObject\Sound\SoundAccessor</Filter>
    </ClInclude>
    <ClInclude Include="GameBGM.h">
      <Filter>GameObject\Sound\GameBGM</Filter>
    </ClInclude>
    <ClInclude Include="WalkSound.h">
      <Filter>GameObject\Sound\WalkSound</Filter>
    </ClInclude>
    <ClInclude Include="RunSound.h">
      <Filter>GameObject\Sound\RunSound</Filter>
    </ClInclude>
    <ClInclude Include="FoundSE.h">
      <Filter>GameObject\Sound\FoundSE</Filter>
    </ClInclude>
    <ClInclude Include="GameClearBGM.h">
      <Filter>GameObject\Sound\GameClearBGM</Filter>
    </ClInclude>
    <ClInclude Include="GameOverBGM.h">
      <Filter>GameObject\Sound\GameOverBGM</Filter>
    </ClInclude>
    <ClInclude Include="ButtonA.h">
      <Filter>GameObject\UI\ButtonA</Filter>
    </ClInclude>
  </ItemGroup>
  <ItemGroup>
    <ClCompile Include="pch.cpp" />
    <ClCompile Include="Game.cpp" />
    <ClCompile Include="Main.cpp" />
    <ClCompile Include="DeviceResources.cpp">
      <Filter>Common</Filter>
    </ClCompile>
    <ClCompile Include="Json.cpp">
      <Filter>Json</Filter>
    </ClCompile>
    <ClCompile Include="GameObject.cpp">
      <Filter>GameObject</Filter>
    </ClCompile>
    <ClCompile Include="GameObjectManager.cpp">
      <Filter>GameObject\GameObjectManager</Filter>
    </ClCompile>
    <ClCompile Include="BlockAccessor.cpp">
      <Filter>GameObject\Block\BlockAccessor</Filter>
    </ClCompile>
    <ClCompile Include="Camera.cpp">
      <Filter>GameObject\Camera</Filter>
    </ClCompile>
    <ClCompile Include="CameraAccessor.cpp">
      <Filter>GameObject\Camera\CameraAccessor</Filter>
    </ClCompile>
    <ClCompile Include="OriginalEffect.cpp">
      <Filter>OriginalEffect</Filter>
    </ClCompile>
    <ClCompile Include="Block.cpp">
      <Filter>GameObject\Block</Filter>
    </ClCompile>
    <ClCompile Include="Desk.cpp">
      <Filter>GameObject\Desk</Filter>
    </ClCompile>
    <ClCompile Include="DeskAccessor.cpp">
      <Filter>GameObject\Desk\DeskAccessor</Filter>
    </ClCompile>
    <ClCompile Include="PlayerAccessor.cpp">
      <Filter>GameObject\Player\PlayerAccessor</Filter>
    </ClCompile>
    <ClCompile Include="Animation.cpp" />
    <ClCompile Include="Enemy.cpp">
      <Filter>GameObject\Enemy</Filter>
    </ClCompile>
    <ClCompile Include="EnemyAccessor.cpp">
      <Filter>GameObject\Enemy\EnemyAccessor</Filter>
    </ClCompile>
    <ClCompile Include="UIAccessor.cpp">
      <Filter>GameObject\UI\UIAccessor</Filter>
    </ClCompile>
    <ClCompile Include="FoundUI.cpp">
      <Filter>GameObject\UI\BeFoundUI</Filter>
    </ClCompile>
    <ClCompile Include="Player.cpp">
      <Filter>GameObject\Player</Filter>
    </ClCompile>
    <ClCompile Include="SceneManager.cpp">
      <Filter>Scene\SceneManager</Filter>
    </ClCompile>
    <ClCompile Include="TitleScene.cpp">
      <Filter>Scene\TitleScene</Filter>
    </ClCompile>
    <ClCompile Include="GameScene.cpp">
      <Filter>Scene\GameScene</Filter>
    </ClCompile>
    <ClCompile Include="ResultScene.cpp">
      <Filter>Scene\ResultScene</Filter>
    </ClCompile>
    <ClCompile Include="GiftBox.cpp">
      <Filter>GameObject\GiftBox</Filter>
    </ClCompile>
    <ClCompile Include="GiftBoxAccessor.cpp">
      <Filter>GameObject\GiftBox\GiftBoxAccessor</Filter>
    </ClCompile>
    <ClCompile Include="Room.cpp">
      <Filter>GameObject\Room</Filter>
    </ClCompile>
    <ClCompile Include="RoomAccessor.cpp">
      <Filter>GameObject\Room\RoomAccessor</Filter>
    </ClCompile>
    <ClCompile Include="DeviceAccessor.cpp">
      <Filter>DeviceAccessor</Filter>
    </ClCompile>
    <ClCompile Include="Transition.cpp">
      <Filter>GameObject\UI\Transition</Filter>
    </ClCompile>
    <ClCompile Include="DollHead.cpp">
      <Filter>GameObject\DollHead</Filter>
    </ClCompile>
    <ClCompile Include="DollHeadAccessor.cpp">
      <Filter>GameObject\DollHead\DollHeadAccessor</Filter>
    </ClCompile>
    <ClCompile Include="FoundEffect.cpp">
      <Filter>GameObject\UI\FoundEffect</Filter>
    </ClCompile>
    <ClCompile Include="GameOverUI.cpp">
      <Filter>GameObject\UI\GameOverUI</Filter>
    </ClCompile>
    <ClCompile Include="GameOverEffect.cpp">
      <Filter>GameObject\UI\GameOverEffect</Filter>
    </ClCompile>
    <ClCompile Include="GameClearUI.cpp">
      <Filter>GameObject\UI\GameClearUI</Filter>
    </ClCompile>
    <ClCompile Include="ControlUI.cpp">
      <Filter>GameObject\UI\ControlUI</Filter>
    </ClCompile>
    <ClCompile Include="TitleLogo.cpp">
      <Filter>GameObject\UI\TitleLogo</Filter>
    </ClCompile>
    <ClCompile Include="TitleBGM.cpp">
      <Filter>GameObject\Sound\TitleBGM</Filter>
    </ClCompile>
    <ClCompile Include="SoundAccessor.cpp">
      <Filter>GameObject\Sound\SoundAccessor</Filter>
    </ClCompile>
    <ClCompile Include="GameBGM.cpp">
      <Filter>GameObject\Sound\GameBGM</Filter>
    </ClCompile>
    <ClCompile Include="WalkSound.cpp">
      <Filter>GameObject\Sound\WalkSound</Filter>
    </ClCompile>
    <ClCompile Include="RunSound.cpp">
      <Filter>GameObject\Sound\RunSound</Filter>
    </ClCompile>
    <ClCompile Include="FoundSE.cpp">
      <Filter>GameObject\Sound\FoundSE</Filter>
    </ClCompile>
    <ClCompile Include="GameClearBGM.cpp">
      <Filter>GameObject\Sound\GameClearBGM</Filter>
    </ClCompile>
    <ClCompile Include="GameOverBGM.cpp">
      <Filter>GameObject\Sound\GameOverBGM</Filter>
    </ClCompile>
    <ClCompile Include="ButtonA.cpp">
      <Filter>GameObject\UI\ButtonA</Filter>
    </ClCompile>
  </ItemGroup>
  <ItemGroup>
    <ResourceCompile Include="resource.rc" />
  </ItemGroup>
  <ItemGroup>
    <Image Include="directx.ico">
      <Filter>Assets</Filter>
    </Image>
  </ItemGroup>
  <ItemGroup>
    <Manifest Include="settings.manifest">
      <Filter>Assets</Filter>
    </Manifest>
  </ItemGroup>
  <ItemGroup>
    <None Include="packages.config" />
    <None Include="Assets\Data\data.json">
      <Filter>Json</Filter>
    </None>
    <None Include="Header.hlsli">
      <Filter>Shader</Filter>
    </None>
  </ItemGroup>
  <ItemGroup>
    <FxCompile Include="VertexShader.hlsl">
      <Filter>Shader</Filter>
    </FxCompile>
    <FxCompile Include="SkinningVertex.hlsl">
      <Filter>Shader</Filter>
    </FxCompile>
    <FxCompile Include="ObjectShadow.hlsl">
      <Filter>Shader</Filter>
    </FxCompile>
    <FxCompile Include="Red.hlsl">
      <Filter>Shader</Filter>
    </FxCompile>
    <FxCompile Include="Blue.hlsl">
      <Filter>Shader</Filter>
    </FxCompile>
    <FxCompile Include="HitCalculation.hlsl">
      <Filter>Shader</Filter>
    </FxCompile>
    <FxCompile Include="HitMeshSphereCalculation.hlsl">
      <Filter>Shader</Filter>
    </FxCompile>
    <FxCompile Include="BlockVertex.hlsl">
      <Filter>Shader</Filter>
    </FxCompile>
    <FxCompile Include="BlockPixel.hlsl">
      <Filter>Shader</Filter>
    </FxCompile>
    <FxCompile Include="BlockShadow.hlsl">
      <Filter>Shader</Filter>
    </FxCompile>
    <FxCompile Include="ObjectPixel.hlsl">
      <Filter>Shader</Filter>
    </FxCompile>
    <FxCompile Include="AmbientOcclusionPixel.hlsl">
      <Filter>Shader</Filter>
    </FxCompile>
    <FxCompile Include="CharacterPixel.hlsl">
      <Filter>Shader</Filter>
    </FxCompile>
    <FxCompile Include="PostProccessVertex.hlsl">
      <Filter>Shader</Filter>
    </FxCompile>
    <FxCompile Include="SpritePixel.hlsl">
      <Filter>Shader</Filter>
    </FxCompile>
    <FxCompile Include="LookUpTablePixel.hlsl">
      <Filter>Shader</Filter>
    </FxCompile>
  </ItemGroup>
</Project>