<?xml version="1.0" encoding="utf-8"?>
<Project ToolsVersion="4.0" xmlns="http://schemas.microsoft.com/developer/msbuild/2003">
  <ItemGroup>
    <Filter Include="Common">
      <UniqueIdentifier>1997dd18-2a06-48b8-9d55-c9b9a74c047e</UniqueIdentifier>
    </Filter>
    <Filter Include="Assets">
      <UniqueIdentifier>cb7ec6f3-eac0-4029-811d-66795088319f</UniqueIdentifier>
      <Extensions>ico;cur;bmp;dds;dlg;fbx;rct;bin;rgs;gif;jpg;jpeg;jpe;resx;tga;tiff;tif;png;wav;mfcribbon-ms</Extensions>
    </Filter>
    <Filter Include="Json">
      <UniqueIdentifier>{ad4ff8cd-220f-4d39-9c27-08aafdafaef6}</UniqueIdentifier>
    </Filter>
    <Filter Include="GameObject">
      <UniqueIdentifier>{6e464c84-f1be-4ab8-b2c8-430d36d987e2}</UniqueIdentifier>
    </Filter>
    <Filter Include="GameObject\GameObjectManager">
      <UniqueIdentifier>{7bbec805-394c-4bc4-bb39-512c99ef99c5}</UniqueIdentifier>
    </Filter>
    <Filter Include="GameObject\Block">
      <UniqueIdentifier>{d0f75243-7e18-46cf-948a-d6d4817fe95b}</UniqueIdentifier>
    </Filter>
    <Filter Include="GameObject\Block\BlockAccessor">
      <UniqueIdentifier>{fe380dd2-0661-43b9-bf72-b43f43480a0b}</UniqueIdentifier>
    </Filter>
    <Filter Include="OriginalEffect">
      <UniqueIdentifier>{5be76c05-f1bb-41aa-8b18-752ecf07efb0}</UniqueIdentifier>
    </Filter>
    <Filter Include="Shader">
      <UniqueIdentifier>{0c3562f8-01c0-4cd1-a9e3-f19ea8e5f072}</UniqueIdentifier>
    </Filter>
    <Filter Include="GameObject\Desk">
      <UniqueIdentifier>{531da2e1-a6e3-4b97-804e-073934c0c088}</UniqueIdentifier>
    </Filter>
    <Filter Include="GameObject\Desk\DeskAccessor">
      <UniqueIdentifier>{d4f9a7fa-6b90-4d37-8b9a-36f47c872ee2}</UniqueIdentifier>
    </Filter>
    <Filter Include="GameObject\Camera">
      <UniqueIdentifier>{e4ce6c31-20d8-4d57-b8bb-4ecf710ed56a}</UniqueIdentifier>
    </Filter>
    <Filter Include="GameObject\Camera\CameraAccessor">
      <UniqueIdentifier>{b482794d-1317-40e2-95a0-276935d97544}</UniqueIdentifier>
    </Filter>
  </ItemGroup>
  <ItemGroup>
    <ClInclude Include="pch.h" />
    <ClInclude Include="StepTimer.h">
      <Filter>Common</Filter>
    </ClInclude>
    <ClInclude Include="DeviceResources.h">
      <Filter>Common</Filter>
    </ClInclude>
    <ClInclude Include="Json.h">
      <Filter>Json</Filter>
    </ClInclude>
    <ClInclude Include="Game.h" />
    <ClInclude Include="GameObject.h">
      <Filter>GameObject</Filter>
    </ClInclude>
    <ClInclude Include="GameObjectManager.h">
      <Filter>GameObject\GameObjectManager</Filter>
    </ClInclude>
    <ClInclude Include="Block.h">
      <Filter>GameObject\Block</Filter>
    </ClInclude>
    <ClInclude Include="BlockAccessor.h">
      <Filter>GameObject\Block\BlockAccessor</Filter>
    </ClInclude>
    <ClInclude Include="DeviceAccessor.h" />
    <ClInclude Include="Camera.h">
      <Filter>GameObject\Camera</Filter>
    </ClInclude>
    <ClInclude Include="CameraAccessor.h">
      <Filter>GameObject\Camera\CameraAccessor</Filter>
    </ClInclude>
    <ClInclude Include="OriginalEffect.h">
      <Filter>OriginalEffect</Filter>
    </ClInclude>
    <ClInclude Include="ReadData.h">
      <Filter>OriginalEffect</Filter>
    </ClInclude>
    <ClInclude Include="Desk.h">
      <Filter>GameObject\Desk</Filter>
    </ClInclude>
    <ClInclude Include="DeskAccessor.h">
      <Filter>GameObject\Desk\DeskAccessor</Filter>
    </ClInclude>
  </ItemGroup>
  <ItemGroup>
    <ClCompile Include="pch.cpp" />
    <ClCompile Include="Game.cpp" />
    <ClCompile Include="Main.cpp" />
    <ClCompile Include="DeviceResources.cpp">
      <Filter>Common</Filter>
    </ClCompile>
    <ClCompile Include="Json.cpp">
      <Filter>Json</Filter>
    </ClCompile>
    <ClCompile Include="GameObject.cpp">
      <Filter>GameObject</Filter>
    </ClCompile>
    <ClCompile Include="GameObjectManager.cpp">
      <Filter>GameObject\GameObjectManager</Filter>
    </ClCompile>
    <ClCompile Include="BlockAccessor.cpp">
      <Filter>GameObject\Block\BlockAccessor</Filter>
    </ClCompile>
    <ClCompile Include="DeviceAccessor.cpp" />
    <ClCompile Include="Camera.cpp">
      <Filter>GameObject\Camera</Filter>
    </ClCompile>
    <ClCompile Include="CameraAccessor.cpp">
      <Filter>GameObject\Camera\CameraAccessor</Filter>
    </ClCompile>
    <ClCompile Include="OriginalEffect.cpp">
      <Filter>OriginalEffect</Filter>
    </ClCompile>
    <ClCompile Include="Block.cpp">
      <Filter>GameObject\Block</Filter>
    </ClCompile>
    <ClCompile Include="Desk.cpp">
      <Filter>GameObject\Desk</Filter>
    </ClCompile>
    <ClCompile Include="DeskAccessor.cpp">
      <Filter>GameObject\Desk\DeskAccessor</Filter>
    </ClCompile>
  </ItemGroup>
  <ItemGroup>
    <ResourceCompile Include="resource.rc" />
  </ItemGroup>
  <ItemGroup>
    <Image Include="directx.ico">
      <Filter>Assets</Filter>
    </Image>
  </ItemGroup>
  <ItemGroup>
    <Manifest Include="settings.manifest">
      <Filter>Assets</Filter>
    </Manifest>
  </ItemGroup>
  <ItemGroup>
    <None Include="packages.config" />
    <None Include="Assets\Data\data.json">
      <Filter>Json</Filter>
    </None>
    <None Include="Header.hlsli">
      <Filter>Shader</Filter>
    </None>
  </ItemGroup>
  <ItemGroup>
    <FxCompile Include="VertexShader.hlsl">
      <Filter>Shader</Filter>
    </FxCompile>
    <FxCompile Include="TestPixel.hlsl">
      <Filter>Shader</Filter>
    </FxCompile>
  </ItemGroup>
</Project>